
Microsoft Visual Studio Solution File, Format Version 12.00
# Visual Studio 15
VisualStudioVersion = 15.0.27130.2036
MinimumVisualStudioVersion = 10.0.40219.1
Project("{E24C65DC-7377-472B-9ABA-BC803B73C61A}") = "Houzes", "Houzes\", "{AA613D4F-DC3C-4226-96A4-758190ED7838}"
	ProjectSection(WebsiteProperties) = preProject
		TargetFrameworkMoniker = ".NETFramework,Version%3Dv4.6.1"
		Debug.AspNetCompiler.VirtualPath = "/localhost_49665"
		Debug.AspNetCompiler.PhysicalPath = "Houzes\"
		Debug.AspNetCompiler.TargetPath = "PrecompiledWeb\localhost_49665\"
		Debug.AspNetCompiler.Updateable = "true"
		Debug.AspNetCompiler.ForceOverwrite = "true"
		Debug.AspNetCompiler.FixedNames = "false"
		Debug.AspNetCompiler.Debug = "True"
		Release.AspNetCompiler.VirtualPath = "/localhost_49665"
		Release.AspNetCompiler.PhysicalPath = "Houzes\"
		Release.AspNetCompiler.TargetPath = "PrecompiledWeb\localhost_49665\"
		Release.AspNetCompiler.Updateable = "true"
		Release.AspNetCompiler.ForceOverwrite = "true"
		Release.AspNetCompiler.FixedNames = "false"
		Release.AspNetCompiler.Debug = "False"
		VWDPort = "49665"
		SlnRelativePath = "Houzes\"
		DefaultWebSiteLanguage = "Visual C#"
	EndProjectSection
EndProject
Global
	GlobalSection(SolutionConfigurationPlatforms) = preSolution
		Debug|Any CPU = Debug|Any CPU
	EndGlobalSection
	GlobalSection(ProjectConfigurationPlatforms) = postSolution
		{AA613D4F-DC3C-4226-96A4-758190ED7838}.Debug|Any CPU.ActiveCfg = Debug|Any CPU
		{AA613D4F-DC3C-4226-96A4-758190ED7838}.Debug|Any CPU.Build.0 = Debug|Any CPU
	EndGlobalSection
	GlobalSection(SolutionProperties) = preSolution
		HideSolutionNode = FALSE
	EndGlobalSection
	GlobalSection(ExtensibilityGlobals) = postSolution
		SolutionGuid = {D26B5807-904E-4DCB-934E-FF381110B7DA}
	EndGlobalSection
EndGlobal
